
Microsoft Visual Studio Solution File, Format Version 12.00
# Visual Studio 15
VisualStudioVersion = 15.0.27004.2009
MinimumVisualStudioVersion = 10.0.40219.1
Project("{FAE04EC0-301F-11D3-BF4B-00C04F79EFBC}") = "InventorySample", "InventorySample\InventorySample.csproj", "{C4943263-9C04-4947-93CF-5B98DA470245}"
EndProject
Project("{FAE04EC0-301F-11D3-BF4B-00C04F79EFBC}") = "SampleDbContext", "SampleDbContext\SampleDbContext.csproj", "{2E4BD72C-0A15-47C4-B64D-642A8FE490CF}"
EndProject
Global
	GlobalSection(SolutionConfigurationPlatforms) = preSolution
		Debug|Any CPU = Debug|Any CPU
		Release|Any CPU = Release|Any CPU
	EndGlobalSection
	GlobalSection(ProjectConfigurationPlatforms) = postSolution
		{C4943263-9C04-4947-93CF-5B98DA470245}.Debug|Any CPU.ActiveCfg = Debug|Any CPU
		{C4943263-9C04-4947-93CF-5B98DA470245}.Debug|Any CPU.Build.0 = Debug|Any CPU
		{C4943263-9C04-4947-93CF-5B98DA470245}.Release|Any CPU.ActiveCfg = Release|Any CPU
		{C4943263-9C04-4947-93CF-5B98DA470245}.Release|Any CPU.Build.0 = Release|Any CPU
		{2E4BD72C-0A15-47C4-B64D-642A8FE490CF}.Debug|Any CPU.ActiveCfg = Debug|Any CPU
		{2E4BD72C-0A15-47C4-B64D-642A8FE490CF}.Debug|Any CPU.Build.0 = Debug|Any CPU
		{2E4BD72C-0A15-47C4-B64D-642A8FE490CF}.Release|Any CPU.ActiveCfg = Release|Any CPU
		{2E4BD72C-0A15-47C4-B64D-642A8FE490CF}.Release|Any CPU.Build.0 = Release|Any CPU
	EndGlobalSection
	GlobalSection(SolutionProperties) = preSolution
		HideSolutionNode = FALSE
	EndGlobalSection
	GlobalSection(ExtensibilityGlobals) = postSolution
		SolutionGuid = {2D789B05-7142-4FBC-99AE-DFC3A3F10DDA}
	EndGlobalSection
EndGlobal
